
Microsoft Visual Studio Solution File, Format Version 12.00
# Visual Studio Version 17
VisualStudioVersion = 17.9.34728.123
MinimumVisualStudioVersion = 10.0.40219.1
Project("{FAE04EC0-301F-11D3-BF4B-00C04F79EFBC}") = "ManaHub", "ManaHub.csproj", "{2EB7A924-35A8-46C4-BC17-FDD91E28B941}"
EndProject
Global
	GlobalSection(SolutionConfigurationPlatforms) = preSolution
		Debug|Any CPU = Debug|Any CPU
		Release|Any CPU = Release|Any CPU
	EndGlobalSection
	GlobalSection(ProjectConfigurationPlatforms) = postSolution
		{2EB7A924-35A8-46C4-BC17-FDD91E28B941}.Debug|Any CPU.ActiveCfg = Debug|Any CPU
		{2EB7A924-35A8-46C4-BC17-FDD91E28B941}.Debug|Any CPU.Build.0 = Debug|Any CPU
		{2EB7A924-35A8-46C4-BC17-FDD91E28B941}.Release|Any CPU.ActiveCfg = Release|Any CPU
		{2EB7A924-35A8-46C4-BC17-FDD91E28B941}.Release|Any CPU.Build.0 = Release|Any CPU
	EndGlobalSection
	GlobalSection(SolutionProperties) = preSolution
		HideSolutionNode = FALSE
	EndGlobalSection
	GlobalSection(ExtensibilityGlobals) = postSolution
		SolutionGuid = {E687A28A-263B-4CA9-8ACB-D93A8E805626}
	EndGlobalSection
EndGlobal
